// !$*UTF8*$!
{
	archiveVersion = 1;
	classes = {
	};
	objectVersion = 46;
	objects = {

/* Begin PBXBuildFile section */
		AA59E4D21C97B3FA003EA63B /* PayCheckTableViewCell.m in Sources */ = {isa = PBXBuildFile; fileRef = AA59E4D11C97B3FA003EA63B /* PayCheckTableViewCell.m */; };
		AA59E4D51C97B890003EA63B /* PayCheckViewController.m in Sources */ = {isa = PBXBuildFile; fileRef = AA59E4D41C97B890003EA63B /* PayCheckViewController.m */; };
		AACE400D1C918BFD006DAC44 /* Note.m in Sources */ = {isa = PBXBuildFile; fileRef = AACE400C1C918BFD006DAC44 /* Note.m */; };
		AAD6DB541CAD582900EA06CE /* Order.m in Sources */ = {isa = PBXBuildFile; fileRef = AAD6DB531CAD582900EA06CE /* Order.m */; };
		AAE7FABC1CA3C6E700578B19 /* loading.png in Resources */ = {isa = PBXBuildFile; fileRef = AAE7FABB1CA3C6E700578B19 /* loading.png */; };
		AAE7FABF1CA4005200578B19 /* FoodDetailViewController.m in Sources */ = {isa = PBXBuildFile; fileRef = AAE7FABE1CA4005200578B19 /* FoodDetailViewController.m */; };
		AAF231031CA28ADC0087C072 /* ShopsTableViewCell.m in Sources */ = {isa = PBXBuildFile; fileRef = AAF231021CA28ADC0087C072 /* ShopsTableViewCell.m */; };
		AAF4C0C21CA24A1F00AB0FAC /* ShopsViewController.m in Sources */ = {isa = PBXBuildFile; fileRef = AAF4C0C11CA24A1F00AB0FAC /* ShopsViewController.m */; };
		AAF9D6111C8EE9E6003397DD /* main.m in Sources */ = {isa = PBXBuildFile; fileRef = AAF9D6101C8EE9E6003397DD /* main.m */; };
		AAF9D6141C8EE9E6003397DD /* AppDelegate.m in Sources */ = {isa = PBXBuildFile; fileRef = AAF9D6131C8EE9E6003397DD /* AppDelegate.m */; };
		AAF9D6171C8EE9E6003397DD /* ViewController.m in Sources */ = {isa = PBXBuildFile; fileRef = AAF9D6161C8EE9E6003397DD /* ViewController.m */; };
		AAF9D61A1C8EE9E6003397DD /* Main.storyboard in Resources */ = {isa = PBXBuildFile; fileRef = AAF9D6181C8EE9E6003397DD /* Main.storyboard */; };
		AAF9D61C1C8EE9E6003397DD /* Assets.xcassets in Resources */ = {isa = PBXBuildFile; fileRef = AAF9D61B1C8EE9E6003397DD /* Assets.xcassets */; };
		AAF9D61F1C8EE9E6003397DD /* LaunchScreen.storyboard in Resources */ = {isa = PBXBuildFile; fileRef = AAF9D61D1C8EE9E6003397DD /* LaunchScreen.storyboard */; };
		AAF9D62A1C8EE9E6003397DD /* ___Tests.m in Sources */ = {isa = PBXBuildFile; fileRef = AAF9D6291C8EE9E6003397DD /* ___Tests.m */; };
		AAF9D6351C8EE9E6003397DD /* ___UITests.m in Sources */ = {isa = PBXBuildFile; fileRef = AAF9D6341C8EE9E6003397DD /* ___UITests.m */; };
		AAF9D67B1C968B4300DF29B1 /* TheTableViewCell.m in Sources */ = {isa = PBXBuildFile; fileRef = AAF9D67A1C968B4300DF29B1 /* TheTableViewCell.m */; };
		AAF9D67F1C9694AB00DF29B1 /* plus-57604.png in Resources */ = {isa = PBXBuildFile; fileRef = AAF9D67D1C9694AB00DF29B1 /* plus-57604.png */; };
		AAF9D6801C9694AB00DF29B1 /* remove-button-512.png in Resources */ = {isa = PBXBuildFile; fileRef = AAF9D67E1C9694AB00DF29B1 /* remove-button-512.png */; };
/* End PBXBuildFile section */

/* Begin PBXContainerItemProxy section */
		AAF9D6261C8EE9E6003397DD /* PBXContainerItemProxy */ = {
			isa = PBXContainerItemProxy;
			containerPortal = AAF9D6041C8EE9E5003397DD /* Project object */;
			proxyType = 1;
			remoteGlobalIDString = AAF9D60B1C8EE9E6003397DD;
			remoteInfo = "坐著點";
		};
		AAF9D6311C8EE9E6003397DD /* PBXContainerItemProxy */ = {
			isa = PBXContainerItemProxy;
			containerPortal = AAF9D6041C8EE9E5003397DD /* Project object */;
			proxyType = 1;
			remoteGlobalIDString = AAF9D60B1C8EE9E6003397DD;
			remoteInfo = "坐著點";
		};
/* End PBXContainerItemProxy section */

/* Begin PBXFileReference section */
		AA59E4D01C97B3FA003EA63B /* PayCheckTableViewCell.h */ = {isa = PBXFileReference; fileEncoding = 4; lastKnownFileType = sourcecode.c.h; path = PayCheckTableViewCell.h; sourceTree = "<group>"; };
		AA59E4D11C97B3FA003EA63B /* PayCheckTableViewCell.m */ = {isa = PBXFileReference; fileEncoding = 4; lastKnownFileType = sourcecode.c.objc; path = PayCheckTableViewCell.m; sourceTree = "<group>"; };
		AA59E4D31C97B890003EA63B /* PayCheckViewController.h */ = {isa = PBXFileReference; fileEncoding = 4; lastKnownFileType = sourcecode.c.h; path = PayCheckViewController.h; sourceTree = "<group>"; };
		AA59E4D41C97B890003EA63B /* PayCheckViewController.m */ = {isa = PBXFileReference; fileEncoding = 4; lastKnownFileType = sourcecode.c.objc; path = PayCheckViewController.m; sourceTree = "<group>"; };
		AACE400B1C918BFD006DAC44 /* Note.h */ = {isa = PBXFileReference; fileEncoding = 4; lastKnownFileType = sourcecode.c.h; path = Note.h; sourceTree = "<group>"; };
		AACE400C1C918BFD006DAC44 /* Note.m */ = {isa = PBXFileReference; fileEncoding = 4; lastKnownFileType = sourcecode.c.objc; path = Note.m; sourceTree = "<group>"; };
		AAD6DB521CAD582900EA06CE /* Order.h */ = {isa = PBXFileReference; fileEncoding = 4; lastKnownFileType = sourcecode.c.h; path = Order.h; sourceTree = "<group>"; };
		AAD6DB531CAD582900EA06CE /* Order.m */ = {isa = PBXFileReference; fileEncoding = 4; lastKnownFileType = sourcecode.c.objc; path = Order.m; sourceTree = "<group>"; };
		AAE7FABB1CA3C6E700578B19 /* loading.png */ = {isa = PBXFileReference; lastKnownFileType = image.png; path = loading.png; sourceTree = "<group>"; };
		AAE7FABD1CA4005200578B19 /* FoodDetailViewController.h */ = {isa = PBXFileReference; fileEncoding = 4; lastKnownFileType = sourcecode.c.h; path = FoodDetailViewController.h; sourceTree = "<group>"; };
		AAE7FABE1CA4005200578B19 /* FoodDetailViewController.m */ = {isa = PBXFileReference; fileEncoding = 4; lastKnownFileType = sourcecode.c.objc; path = FoodDetailViewController.m; sourceTree = "<group>"; };
		AAF231011CA28ADC0087C072 /* ShopsTableViewCell.h */ = {isa = PBXFileReference; fileEncoding = 4; lastKnownFileType = sourcecode.c.h; path = ShopsTableViewCell.h; sourceTree = "<group>"; };
		AAF231021CA28ADC0087C072 /* ShopsTableViewCell.m */ = {isa = PBXFileReference; fileEncoding = 4; lastKnownFileType = sourcecode.c.objc; path = ShopsTableViewCell.m; sourceTree = "<group>"; };
		AAF4C0C01CA24A1F00AB0FAC /* ShopsViewController.h */ = {isa = PBXFileReference; fileEncoding = 4; lastKnownFileType = sourcecode.c.h; path = ShopsViewController.h; sourceTree = "<group>"; };
		AAF4C0C11CA24A1F00AB0FAC /* ShopsViewController.m */ = {isa = PBXFileReference; fileEncoding = 4; lastKnownFileType = sourcecode.c.objc; path = ShopsViewController.m; sourceTree = "<group>"; };
		AAF9D60C1C8EE9E6003397DD /* 坐著點.app */ = {isa = PBXFileReference; explicitFileType = wrapper.application; includeInIndex = 0; path = "坐著點.app"; sourceTree = BUILT_PRODUCTS_DIR; };
		AAF9D6101C8EE9E6003397DD /* main.m */ = {isa = PBXFileReference; lastKnownFileType = sourcecode.c.objc; path = main.m; sourceTree = "<group>"; };
		AAF9D6121C8EE9E6003397DD /* AppDelegate.h */ = {isa = PBXFileReference; lastKnownFileType = sourcecode.c.h; path = AppDelegate.h; sourceTree = "<group>"; };
		AAF9D6131C8EE9E6003397DD /* AppDelegate.m */ = {isa = PBXFileReference; lastKnownFileType = sourcecode.c.objc; path = AppDelegate.m; sourceTree = "<group>"; };
		AAF9D6151C8EE9E6003397DD /* ViewController.h */ = {isa = PBXFileReference; lastKnownFileType = sourcecode.c.h; path = ViewController.h; sourceTree = "<group>"; };
		AAF9D6161C8EE9E6003397DD /* ViewController.m */ = {isa = PBXFileReference; lastKnownFileType = sourcecode.c.objc; path = ViewController.m; sourceTree = "<group>"; };
		AAF9D6191C8EE9E6003397DD /* Base */ = {isa = PBXFileReference; lastKnownFileType = file.storyboard; name = Base; path = Base.lproj/Main.storyboard; sourceTree = "<group>"; };
		AAF9D61B1C8EE9E6003397DD /* Assets.xcassets */ = {isa = PBXFileReference; lastKnownFileType = folder.assetcatalog; path = Assets.xcassets; sourceTree = "<group>"; };
		AAF9D61E1C8EE9E6003397DD /* Base */ = {isa = PBXFileReference; lastKnownFileType = file.storyboard; name = Base; path = Base.lproj/LaunchScreen.storyboard; sourceTree = "<group>"; };
		AAF9D6201C8EE9E6003397DD /* Info.plist */ = {isa = PBXFileReference; lastKnownFileType = text.plist.xml; path = Info.plist; sourceTree = "<group>"; };
		AAF9D6251C8EE9E6003397DD /* 坐著點Tests.xctest */ = {isa = PBXFileReference; explicitFileType = wrapper.cfbundle; includeInIndex = 0; path = "坐著點Tests.xctest"; sourceTree = BUILT_PRODUCTS_DIR; };
		AAF9D6291C8EE9E6003397DD /* ___Tests.m */ = {isa = PBXFileReference; lastKnownFileType = sourcecode.c.objc; path = "___Tests.m"; sourceTree = "<group>"; };
		AAF9D62B1C8EE9E6003397DD /* Info.plist */ = {isa = PBXFileReference; lastKnownFileType = text.plist.xml; path = Info.plist; sourceTree = "<group>"; };
		AAF9D6301C8EE9E6003397DD /* 坐著點UITests.xctest */ = {isa = PBXFileReference; explicitFileType = wrapper.cfbundle; includeInIndex = 0; path = "坐著點UITests.xctest"; sourceTree = BUILT_PRODUCTS_DIR; };
		AAF9D6341C8EE9E6003397DD /* ___UITests.m */ = {isa = PBXFileReference; lastKnownFileType = sourcecode.c.objc; path = "___UITests.m"; sourceTree = "<group>"; };
		AAF9D6361C8EE9E6003397DD /* Info.plist */ = {isa = PBXFileReference; lastKnownFileType = text.plist.xml; path = Info.plist; sourceTree = "<group>"; };
		AAF9D6791C968B4300DF29B1 /* TheTableViewCell.h */ = {isa = PBXFileReference; fileEncoding = 4; lastKnownFileType = sourcecode.c.h; path = TheTableViewCell.h; sourceTree = "<group>"; };
		AAF9D67A1C968B4300DF29B1 /* TheTableViewCell.m */ = {isa = PBXFileReference; fileEncoding = 4; lastKnownFileType = sourcecode.c.objc; path = TheTableViewCell.m; sourceTree = "<group>"; };
		AAF9D67D1C9694AB00DF29B1 /* plus-57604.png */ = {isa = PBXFileReference; lastKnownFileType = image.png; path = "plus-57604.png"; sourceTree = "<group>"; };
		AAF9D67E1C9694AB00DF29B1 /* remove-button-512.png */ = {isa = PBXFileReference; lastKnownFileType = image.png; path = "remove-button-512.png"; sourceTree = "<group>"; };
/* End PBXFileReference section */

/* Begin PBXFrameworksBuildPhase section */
		AAF9D6091C8EE9E6003397DD /* Frameworks */ = {
			isa = PBXFrameworksBuildPhase;
			buildActionMask = 2147483647;
			files = (
			);
			runOnlyForDeploymentPostprocessing = 0;
		};
		AAF9D6221C8EE9E6003397DD /* Frameworks */ = {
			isa = PBXFrameworksBuildPhase;
			buildActionMask = 2147483647;
			files = (
			);
			runOnlyForDeploymentPostprocessing = 0;
		};
		AAF9D62D1C8EE9E6003397DD /* Frameworks */ = {
			isa = PBXFrameworksBuildPhase;
			buildActionMask = 2147483647;
			files = (
			);
			runOnlyForDeploymentPostprocessing = 0;
		};
/* End PBXFrameworksBuildPhase section */

/* Begin PBXGroup section */
		AAF9D6031C8EE9E5003397DD = {
			isa = PBXGroup;
			children = (
				AAF9D67C1C96942000DF29B1 /* image */,
				AAF9D60E1C8EE9E6003397DD /* 坐著點 */,
				AAF9D6281C8EE9E6003397DD /* 坐著點Tests */,
				AAF9D6331C8EE9E6003397DD /* 坐著點UITests */,
				AAF9D60D1C8EE9E6003397DD /* Products */,
			);
			sourceTree = "<group>";
		};
		AAF9D60D1C8EE9E6003397DD /* Products */ = {
			isa = PBXGroup;
			children = (
				AAF9D60C1C8EE9E6003397DD /* 坐著點.app */,
				AAF9D6251C8EE9E6003397DD /* 坐著點Tests.xctest */,
				AAF9D6301C8EE9E6003397DD /* 坐著點UITests.xctest */,
			);
			name = Products;
			sourceTree = "<group>";
		};
		AAF9D60E1C8EE9E6003397DD /* 坐著點 */ = {
			isa = PBXGroup;
			children = (
				AAF9D6181C8EE9E6003397DD /* Main.storyboard */,
				AAF9D6121C8EE9E6003397DD /* AppDelegate.h */,
				AAF9D6131C8EE9E6003397DD /* AppDelegate.m */,
				AACE400B1C918BFD006DAC44 /* Note.h */,
				AACE400C1C918BFD006DAC44 /* Note.m */,
				AAD6DB521CAD582900EA06CE /* Order.h */,
				AAD6DB531CAD582900EA06CE /* Order.m */,
				AAE7FABD1CA4005200578B19 /* FoodDetailViewController.h */,
				AAE7FABE1CA4005200578B19 /* FoodDetailViewController.m */,
				AA59E4D01C97B3FA003EA63B /* PayCheckTableViewCell.h */,
				AA59E4D11C97B3FA003EA63B /* PayCheckTableViewCell.m */,
				AA59E4D31C97B890003EA63B /* PayCheckViewController.h */,
				AA59E4D41C97B890003EA63B /* PayCheckViewController.m */,
				AAF9D6791C968B4300DF29B1 /* TheTableViewCell.h */,
				AAF9D67A1C968B4300DF29B1 /* TheTableViewCell.m */,
				AAF9D6151C8EE9E6003397DD /* ViewController.h */,
				AAF9D6161C8EE9E6003397DD /* ViewController.m */,
				AAF231011CA28ADC0087C072 /* ShopsTableViewCell.h */,
				AAF231021CA28ADC0087C072 /* ShopsTableViewCell.m */,
				AAF4C0C01CA24A1F00AB0FAC /* ShopsViewController.h */,
				AAF4C0C11CA24A1F00AB0FAC /* ShopsViewController.m */,
				AAF9D61B1C8EE9E6003397DD /* Assets.xcassets */,
				AAF9D61D1C8EE9E6003397DD /* LaunchScreen.storyboard */,
				AAF9D6201C8EE9E6003397DD /* Info.plist */,
				AAF9D60F1C8EE9E6003397DD /* Supporting Files */,
			);
			path = "坐著點";
			sourceTree = "<group>";
		};
		AAF9D60F1C8EE9E6003397DD /* Supporting Files */ = {
			isa = PBXGroup;
			children = (
				AAF9D6101C8EE9E6003397DD /* main.m */,
			);
			name = "Supporting Files";
			sourceTree = "<group>";
		};
		AAF9D6281C8EE9E6003397DD /* 坐著點Tests */ = {
			isa = PBXGroup;
			children = (
				AAF9D6291C8EE9E6003397DD /* ___Tests.m */,
				AAF9D62B1C8EE9E6003397DD /* Info.plist */,
			);
			path = "坐著點Tests";
			sourceTree = "<group>";
		};
		AAF9D6331C8EE9E6003397DD /* 坐著點UITests */ = {
			isa = PBXGroup;
			children = (
				AAF9D6341C8EE9E6003397DD /* ___UITests.m */,
				AAF9D6361C8EE9E6003397DD /* Info.plist */,
			);
			path = "坐著點UITests";
			sourceTree = "<group>";
		};
		AAF9D67C1C96942000DF29B1 /* image */ = {
			isa = PBXGroup;
			children = (
				AAF9D67D1C9694AB00DF29B1 /* plus-57604.png */,
				AAF9D67E1C9694AB00DF29B1 /* remove-button-512.png */,
				AAE7FABB1CA3C6E700578B19 /* loading.png */,
			);
			name = image;
			sourceTree = "<group>";
		};
/* End PBXGroup section */

/* Begin PBXNativeTarget section */
		AAF9D60B1C8EE9E6003397DD /* 坐著點 */ = {
			isa = PBXNativeTarget;
			buildConfigurationList = AAF9D6391C8EE9E6003397DD /* Build configuration list for PBXNativeTarget "坐著點" */;
			buildPhases = (
				AAF9D6081C8EE9E6003397DD /* Sources */,
				AAF9D6091C8EE9E6003397DD /* Frameworks */,
				AAF9D60A1C8EE9E6003397DD /* Resources */,
			);
			buildRules = (
			);
			dependencies = (
			);
			name = "坐著點";
			productName = "坐著點";
			productReference = AAF9D60C1C8EE9E6003397DD /* 坐著點.app */;
			productType = "com.apple.product-type.application";
		};
		AAF9D6241C8EE9E6003397DD /* 坐著點Tests */ = {
			isa = PBXNativeTarget;
			buildConfigurationList = AAF9D63C1C8EE9E6003397DD /* Build configuration list for PBXNativeTarget "坐著點Tests" */;
			buildPhases = (
				AAF9D6211C8EE9E6003397DD /* Sources */,
				AAF9D6221C8EE9E6003397DD /* Frameworks */,
				AAF9D6231C8EE9E6003397DD /* Resources */,
			);
			buildRules = (
			);
			dependencies = (
				AAF9D6271C8EE9E6003397DD /* PBXTargetDependency */,
			);
			name = "坐著點Tests";
			productName = "坐著點Tests";
			productReference = AAF9D6251C8EE9E6003397DD /* 坐著點Tests.xctest */;
			productType = "com.apple.product-type.bundle.unit-test";
		};
		AAF9D62F1C8EE9E6003397DD /* 坐著點UITests */ = {
			isa = PBXNativeTarget;
			buildConfigurationList = AAF9D63F1C8EE9E6003397DD /* Build configuration list for PBXNativeTarget "坐著點UITests" */;
			buildPhases = (
				AAF9D62C1C8EE9E6003397DD /* Sources */,
				AAF9D62D1C8EE9E6003397DD /* Frameworks */,
				AAF9D62E1C8EE9E6003397DD /* Resources */,
			);
			buildRules = (
			);
			dependencies = (
				AAF9D6321C8EE9E6003397DD /* PBXTargetDependency */,
			);
			name = "坐著點UITests";
			productName = "坐著點UITests";
			productReference = AAF9D6301C8EE9E6003397DD /* 坐著點UITests.xctest */;
			productType = "com.apple.product-type.bundle.ui-testing";
		};
/* End PBXNativeTarget section */

/* Begin PBXProject section */
		AAF9D6041C8EE9E5003397DD /* Project object */ = {
			isa = PBXProject;
			attributes = {
				LastUpgradeCheck = 0720;
				ORGANIZATIONNAME = "許佳航";
				TargetAttributes = {
					AAF9D60B1C8EE9E6003397DD = {
						CreatedOnToolsVersion = 7.2.1;
						DevelopmentTeam = H92HAS3T42;
					};
					AAF9D6241C8EE9E6003397DD = {
						CreatedOnToolsVersion = 7.2.1;
						DevelopmentTeam = H92HAS3T42;
						TestTargetID = AAF9D60B1C8EE9E6003397DD;
					};
					AAF9D62F1C8EE9E6003397DD = {
						CreatedOnToolsVersion = 7.2.1;
						DevelopmentTeam = H92HAS3T42;
						TestTargetID = AAF9D60B1C8EE9E6003397DD;
					};
				};
			};
			buildConfigurationList = AAF9D6071C8EE9E5003397DD /* Build configuration list for PBXProject "坐著點" */;
			compatibilityVersion = "Xcode 3.2";
			developmentRegion = English;
			hasScannedForEncodings = 0;
			knownRegions = (
				en,
				Base,
			);
			mainGroup = AAF9D6031C8EE9E5003397DD;
			productRefGroup = AAF9D60D1C8EE9E6003397DD /* Products */;
			projectDirPath = "";
			projectRoot = "";
			targets = (
				AAF9D60B1C8EE9E6003397DD /* 坐著點 */,
				AAF9D6241C8EE9E6003397DD /* 坐著點Tests */,
				AAF9D62F1C8EE9E6003397DD /* 坐著點UITests */,
			);
		};
/* End PBXProject section */

/* Begin PBXResourcesBuildPhase section */
		AAF9D60A1C8EE9E6003397DD /* Resources */ = {
			isa = PBXResourcesBuildPhase;
			buildActionMask = 2147483647;
			files = (
				AAF9D67F1C9694AB00DF29B1 /* plus-57604.png in Resources */,
				AAF9D61F1C8EE9E6003397DD /* LaunchScreen.storyboard in Resources */,
				AAF9D61C1C8EE9E6003397DD /* Assets.xcassets in Resources */,
				AAF9D6801C9694AB00DF29B1 /* remove-button-512.png in Resources */,
				AAF9D61A1C8EE9E6003397DD /* Main.storyboard in Resources */,
				AAE7FABC1CA3C6E700578B19 /* loading.png in Resources */,
			);
			runOnlyForDeploymentPostprocessing = 0;
		};
		AAF9D6231C8EE9E6003397DD /* Resources */ = {
			isa = PBXResourcesBuildPhase;
			buildActionMask = 2147483647;
			files = (
			);
			runOnlyForDeploymentPostprocessing = 0;
		};
		AAF9D62E1C8EE9E6003397DD /* Resources */ = {
			isa = PBXResourcesBuildPhase;
			buildActionMask = 2147483647;
			files = (
			);
			runOnlyForDeploymentPostprocessing = 0;
		};
/* End PBXResourcesBuildPhase section */

/* Begin PBXSourcesBuildPhase section */
		AAF9D6081C8EE9E6003397DD /* Sources */ = {
			isa = PBXSourcesBuildPhase;
			buildActionMask = 2147483647;
			files = (
				AAF9D6171C8EE9E6003397DD /* ViewController.m in Sources */,
				AAF9D6141C8EE9E6003397DD /* AppDelegate.m in Sources */,
				AAF9D6111C8EE9E6003397DD /* main.m in Sources */,
				AA59E4D21C97B3FA003EA63B /* PayCheckTableViewCell.m in Sources */,
				AAF4C0C21CA24A1F00AB0FAC /* ShopsViewController.m in Sources */,
				AAE7FABF1CA4005200578B19 /* FoodDetailViewController.m in Sources */,
				AAF9D67B1C968B4300DF29B1 /* TheTableViewCell.m in Sources */,
				AAF231031CA28ADC0087C072 /* ShopsTableViewCell.m in Sources */,
				AA59E4D51C97B890003EA63B /* PayCheckViewController.m in Sources */,
				AAD6DB541CAD582900EA06CE /* Order.m in Sources */,
				AACE400D1C918BFD006DAC44 /* Note.m in Sources */,
			);
			runOnlyForDeploymentPostprocessing = 0;
		};
		AAF9D6211C8EE9E6003397DD /* Sources */ = {
			isa = PBXSourcesBuildPhase;
			buildActionMask = 2147483647;
			files = (
				AAF9D62A1C8EE9E6003397DD /* ___Tests.m in Sources */,
			);
			runOnlyForDeploymentPostprocessing = 0;
		};
		AAF9D62C1C8EE9E6003397DD /* Sources */ = {
			isa = PBXSourcesBuildPhase;
			buildActionMask = 2147483647;
			files = (
				AAF9D6351C8EE9E6003397DD /* ___UITests.m in Sources */,
			);
			runOnlyForDeploymentPostprocessing = 0;
		};
/* End PBXSourcesBuildPhase section */

/* Begin PBXTargetDependency section */
		AAF9D6271C8EE9E6003397DD /* PBXTargetDependency */ = {
			isa = PBXTargetDependency;
			target = AAF9D60B1C8EE9E6003397DD /* 坐著點 */;
			targetProxy = AAF9D6261C8EE9E6003397DD /* PBXContainerItemProxy */;
		};
		AAF9D6321C8EE9E6003397DD /* PBXTargetDependency */ = {
			isa = PBXTargetDependency;
			target = AAF9D60B1C8EE9E6003397DD /* 坐著點 */;
			targetProxy = AAF9D6311C8EE9E6003397DD /* PBXContainerItemProxy */;
		};
/* End PBXTargetDependency section */

/* Begin PBXVariantGroup section */
		AAF9D6181C8EE9E6003397DD /* Main.storyboard */ = {
			isa = PBXVariantGroup;
			children = (
				AAF9D6191C8EE9E6003397DD /* Base */,
			);
			name = Main.storyboard;
			sourceTree = "<group>";
		};
		AAF9D61D1C8EE9E6003397DD /* LaunchScreen.storyboard */ = {
			isa = PBXVariantGroup;
			children = (
				AAF9D61E1C8EE9E6003397DD /* Base */,
			);
			name = LaunchScreen.storyboard;
			sourceTree = "<group>";
		};
/* End PBXVariantGroup section */

/* Begin XCBuildConfiguration section */
		AAF9D6371C8EE9E6003397DD /* Debug */ = {
			isa = XCBuildConfiguration;
			buildSettings = {
				ALWAYS_SEARCH_USER_PATHS = NO;
				CLANG_CXX_LANGUAGE_STANDARD = "gnu++0x";
				CLANG_CXX_LIBRARY = "libc++";
				CLANG_ENABLE_MODULES = YES;
				CLANG_ENABLE_OBJC_ARC = YES;
				CLANG_WARN_BOOL_CONVERSION = YES;
				CLANG_WARN_CONSTANT_CONVERSION = YES;
				CLANG_WARN_DIRECT_OBJC_ISA_USAGE = YES_ERROR;
				CLANG_WARN_EMPTY_BODY = YES;
				CLANG_WARN_ENUM_CONVERSION = YES;
				CLANG_WARN_INT_CONVERSION = YES;
				CLANG_WARN_OBJC_ROOT_CLASS = YES_ERROR;
				CLANG_WARN_UNREACHABLE_CODE = YES;
				CLANG_WARN__DUPLICATE_METHOD_MATCH = YES;
				"CODE_SIGN_IDENTITY[sdk=iphoneos*]" = "iPhone Developer";
				COPY_PHASE_STRIP = NO;
				DEBUG_INFORMATION_FORMAT = dwarf;
				ENABLE_STRICT_OBJC_MSGSEND = YES;
				ENABLE_TESTABILITY = YES;
				GCC_C_LANGUAGE_STANDARD = gnu99;
				GCC_DYNAMIC_NO_PIC = NO;
				GCC_NO_COMMON_BLOCKS = YES;
				GCC_OPTIMIZATION_LEVEL = 0;
				GCC_PREPROCESSOR_DEFINITIONS = (
					"DEBUG=1",
					"$(inherited)",
				);
				GCC_WARN_64_TO_32_BIT_CONVERSION = YES;
				GCC_WARN_ABOUT_RETURN_TYPE = YES_ERROR;
				GCC_WARN_UNDECLARED_SELECTOR = YES;
				GCC_WARN_UNINITIALIZED_AUTOS = YES_AGGRESSIVE;
				GCC_WARN_UNUSED_FUNCTION = YES;
				GCC_WARN_UNUSED_VARIABLE = YES;
				IPHONEOS_DEPLOYMENT_TARGET = 9.2;
				MTL_ENABLE_DEBUG_INFO = YES;
				ONLY_ACTIVE_ARCH = YES;
				SDKROOT = iphoneos;
				TARGETED_DEVICE_FAMILY = "1,2";
			};
			name = Debug;
		};
		AAF9D6381C8EE9E6003397DD /* Release */ = {
			isa = XCBuildConfiguration;
			buildSettings = {
				ALWAYS_SEARCH_USER_PATHS = NO;
				CLANG_CXX_LANGUAGE_STANDARD = "gnu++0x";
				CLANG_CXX_LIBRARY = "libc++";
				CLANG_ENABLE_MODULES = YES;
				CLANG_ENABLE_OBJC_ARC = YES;
				CLANG_WARN_BOOL_CONVERSION = YES;
				CLANG_WARN_CONSTANT_CONVERSION = YES;
				CLANG_WARN_DIRECT_OBJC_ISA_USAGE = YES_ERROR;
				CLANG_WARN_EMPTY_BODY = YES;
				CLANG_WARN_ENUM_CONVERSION = YES;
				CLANG_WARN_INT_CONVERSION = YES;
				CLANG_WARN_OBJC_ROOT_CLASS = YES_ERROR;
				CLANG_WARN_UNREACHABLE_CODE = YES;
				CLANG_WARN__DUPLICATE_METHOD_MATCH = YES;
				"CODE_SIGN_IDENTITY[sdk=iphoneos*]" = "iPhone Developer";
				COPY_PHASE_STRIP = NO;
				DEBUG_INFORMATION_FORMAT = "dwarf-with-dsym";
				ENABLE_NS_ASSERTIONS = NO;
				ENABLE_STRICT_OBJC_MSGSEND = YES;
				GCC_C_LANGUAGE_STANDARD = gnu99;
				GCC_NO_COMMON_BLOCKS = YES;
				GCC_WARN_64_TO_32_BIT_CONVERSION = YES;
				GCC_WARN_ABOUT_RETURN_TYPE = YES_ERROR;
				GCC_WARN_UNDECLARED_SELECTOR = YES;
				GCC_WARN_UNINITIALIZED_AUTOS = YES_AGGRESSIVE;
				GCC_WARN_UNUSED_FUNCTION = YES;
				GCC_WARN_UNUSED_VARIABLE = YES;
				IPHONEOS_DEPLOYMENT_TARGET = 9.2;
				MTL_ENABLE_DEBUG_INFO = NO;
				SDKROOT = iphoneos;
				TARGETED_DEVICE_FAMILY = "1,2";
				VALIDATE_PRODUCT = YES;
			};
			name = Release;
		};
		AAF9D63A1C8EE9E6003397DD /* Debug */ = {
			isa = XCBuildConfiguration;
			buildSettings = {
				ASSETCATALOG_COMPILER_APPICON_NAME = AppIcon;
				CODE_SIGN_IDENTITY = "iPhone Developer";
				"CODE_SIGN_IDENTITY[sdk=iphoneos*]" = "iPhone Developer";
				INFOPLIST_FILE = "坐著點/Info.plist";
				LD_RUNPATH_SEARCH_PATHS = "$(inherited) @executable_path/Frameworks";
				PRODUCT_BUNDLE_IDENTIFIER = "com.steve.www.---";
				PRODUCT_NAME = "$(TARGET_NAME)";
				PROVISIONING_PROFILE = "";
			};
			name = Debug;
		};
		AAF9D63B1C8EE9E6003397DD /* Release */ = {
			isa = XCBuildConfiguration;
			buildSettings = {
				ASSETCATALOG_COMPILER_APPICON_NAME = AppIcon;
				CODE_SIGN_IDENTITY = "iPhone Developer";
				"CODE_SIGN_IDENTITY[sdk=iphoneos*]" = "iPhone Developer";
				INFOPLIST_FILE = "坐著點/Info.plist";
				LD_RUNPATH_SEARCH_PATHS = "$(inherited) @executable_path/Frameworks";
				PRODUCT_BUNDLE_IDENTIFIER = "com.steve.www.---";
				PRODUCT_NAME = "$(TARGET_NAME)";
				PROVISIONING_PROFILE = "";
			};
			name = Release;
		};
		AAF9D63D1C8EE9E6003397DD /* Debug */ = {
			isa = XCBuildConfiguration;
			buildSettings = {
				BUNDLE_LOADER = "$(TEST_HOST)";
				INFOPLIST_FILE = "坐著點Tests/Info.plist";
				LD_RUNPATH_SEARCH_PATHS = "$(inherited) @executable_path/Frameworks @loader_path/Frameworks";
				PRODUCT_BUNDLE_IDENTIFIER = "com.steve.www.---Tests";
				PRODUCT_NAME = "$(TARGET_NAME)";
				TEST_HOST = "$(BUILT_PRODUCTS_DIR)/坐著點.app/坐著點";
			};
			name = Debug;
		};
		AAF9D63E1C8EE9E6003397DD /* Release */ = {
			isa = XCBuildConfiguration;
			buildSettings = {
				BUNDLE_LOADER = "$(TEST_HOST)";
				INFOPLIST_FILE = "坐著點Tests/Info.plist";
				LD_RUNPATH_SEARCH_PATHS = "$(inherited) @executable_path/Frameworks @loader_path/Frameworks";
				PRODUCT_BUNDLE_IDENTIFIER = "com.steve.www.---Tests";
				PRODUCT_NAME = "$(TARGET_NAME)";
				TEST_HOST = "$(BUILT_PRODUCTS_DIR)/坐著點.app/坐著點";
			};
			name = Release;
		};
		AAF9D6401C8EE9E6003397DD /* Debug */ = {
			isa = XCBuildConfiguration;
			buildSettings = {
				INFOPLIST_FILE = "坐著點UITests/Info.plist";
				LD_RUNPATH_SEARCH_PATHS = "$(inherited) @executable_path/Frameworks @loader_path/Frameworks";
				PRODUCT_BUNDLE_IDENTIFIER = "com.steve.www.---UITests";
				PRODUCT_NAME = "$(TARGET_NAME)";
				TEST_TARGET_NAME = "坐著點";
				USES_XCTRUNNER = YES;
			};
			name = Debug;
		};
		AAF9D6411C8EE9E6003397DD /* Release */ = {
			isa = XCBuildConfiguration;
			buildSettings = {
				INFOPLIST_FILE = "坐著點UITests/Info.plist";
				LD_RUNPATH_SEARCH_PATHS = "$(inherited) @executable_path/Frameworks @loader_path/Frameworks";
				PRODUCT_BUNDLE_IDENTIFIER = "com.steve.www.---UITests";
				PRODUCT_NAME = "$(TARGET_NAME)";
				TEST_TARGET_NAME = "坐著點";
				USES_XCTRUNNER = YES;
			};
			name = Release;
		};
/* End XCBuildConfiguration section */

/* Begin XCConfigurationList section */
		AAF9D6071C8EE9E5003397DD /* Build configuration list for PBXProject "坐著點" */ = {
			isa = XCConfigurationList;
			buildConfigurations = (
				AAF9D6371C8EE9E6003397DD /* Debug */,
				AAF9D6381C8EE9E6003397DD /* Release */,
			);
			defaultConfigurationIsVisible = 0;
			defaultConfigurationName = Release;
		};
		AAF9D6391C8EE9E6003397DD /* Build configuration list for PBXNativeTarget "坐著點" */ = {
			isa = XCConfigurationList;
			buildConfigurations = (
				AAF9D63A1C8EE9E6003397DD /* Debug */,
				AAF9D63B1C8EE9E6003397DD /* Release */,
			);
			defaultConfigurationIsVisible = 0;
			defaultConfigurationName = Release;
		};
		AAF9D63C1C8EE9E6003397DD /* Build configuration list for PBXNativeTarget "坐著點Tests" */ = {
			isa = XCConfigurationList;
			buildConfigurations = (
				AAF9D63D1C8EE9E6003397DD /* Debug */,
				AAF9D63E1C8EE9E6003397DD /* Release */,
			);
			defaultConfigurationIsVisible = 0;
			defaultConfigurationName = Release;
		};
		AAF9D63F1C8EE9E6003397DD /* Build configuration list for PBXNativeTarget "坐著點UITests" */ = {
			isa = XCConfigurationList;
			buildConfigurations = (
				AAF9D6401C8EE9E6003397DD /* Debug */,
				AAF9D6411C8EE9E6003397DD /* Release */,
			);
			defaultConfigurationIsVisible = 0;
			defaultConfigurationName = Release;
		};
/* End XCConfigurationList section */
	};
	rootObject = AAF9D6041C8EE9E5003397DD /* Project object */;
}
